
Microsoft Visual Studio Solution File, Format Version 12.00
# Visual Studio Version 16
VisualStudioVersion = 16.0.31424.327
MinimumVisualStudioVersion = 10.0.40219.1
Project("{9A19103F-16F7-4668-BE54-9A1E7A4F7556}") = "JogoDaVelha", "JogoDaVelha\JogoDaVelha.csproj", "{A6BABD75-826B-4920-A4E9-5257D1C943BE}"
EndProject
Project("{FAE04EC0-301F-11D3-BF4B-00C04F79EFBC}") = "JogoDaVelhaTests", "JogoDaVelhaTests\JogoDaVelhaTests.csproj", "{5A5E7869-CA9F-4900-A398-139AA1A628B2}"
EndProject
Global
	GlobalSection(SolutionConfigurationPlatforms) = preSolution
		Debug|Any CPU = Debug|Any CPU
		Release|Any CPU = Release|Any CPU
	EndGlobalSection
	GlobalSection(ProjectConfigurationPlatforms) = postSolution
		{A6BABD75-826B-4920-A4E9-5257D1C943BE}.Debug|Any CPU.ActiveCfg = Debug|Any CPU
		{A6BABD75-826B-4920-A4E9-5257D1C943BE}.Debug|Any CPU.Build.0 = Debug|Any CPU
		{A6BABD75-826B-4920-A4E9-5257D1C943BE}.Release|Any CPU.ActiveCfg = Release|Any CPU
		{A6BABD75-826B-4920-A4E9-5257D1C943BE}.Release|Any CPU.Build.0 = Release|Any CPU
		{5A5E7869-CA9F-4900-A398-139AA1A628B2}.Debug|Any CPU.ActiveCfg = Debug|Any CPU
		{5A5E7869-CA9F-4900-A398-139AA1A628B2}.Debug|Any CPU.Build.0 = Debug|Any CPU
		{5A5E7869-CA9F-4900-A398-139AA1A628B2}.Release|Any CPU.ActiveCfg = Release|Any CPU
		{5A5E7869-CA9F-4900-A398-139AA1A628B2}.Release|Any CPU.Build.0 = Release|Any CPU
	EndGlobalSection
	GlobalSection(SolutionProperties) = preSolution
		HideSolutionNode = FALSE
	EndGlobalSection
	GlobalSection(ExtensibilityGlobals) = postSolution
		SolutionGuid = {86D8136A-2A0A-413D-9EA8-98452A17F5B3}
	EndGlobalSection
EndGlobal
